
Microsoft Visual Studio Solution File, Format Version 12.00
# Visual Studio 15
VisualStudioVersion = 15.0.26124.0
MinimumVisualStudioVersion = 15.0.26124.0
Project("{2150E333-8FDC-42A3-9474-1A3956D46DE8}") = "src", "src", "{1DC0D798-40FC-4B0F-BDD0-2208C54A74CF}"
EndProject
Project("{FAE04EC0-301F-11D3-BF4B-00C04F79EFBC}") = "SqlServerViaDocker.Tests", "src\SqlServerViaDocker.Tests\SqlServerViaDocker.Tests.csproj", "{F059D6F6-DB20-44CB-BF5A-71E2CF107E04}"
EndProject
Project("{FAE04EC0-301F-11D3-BF4B-00C04F79EFBC}") = "SqlServerViaDocker", "src\SqlServerViaDocker\SqlServerViaDocker.csproj", "{948FD5A2-6DD0-4017-BF46-8FBB9EB1E3AA}"
EndProject
Global
	GlobalSection(SolutionConfigurationPlatforms) = preSolution
		Debug|Any CPU = Debug|Any CPU
		Debug|x64 = Debug|x64
		Debug|x86 = Debug|x86
		Release|Any CPU = Release|Any CPU
		Release|x64 = Release|x64
		Release|x86 = Release|x86
	EndGlobalSection
	GlobalSection(SolutionProperties) = preSolution
		HideSolutionNode = FALSE
	EndGlobalSection
	GlobalSection(ProjectConfigurationPlatforms) = postSolution
		{F059D6F6-DB20-44CB-BF5A-71E2CF107E04}.Debug|Any CPU.ActiveCfg = Debug|Any CPU
		{F059D6F6-DB20-44CB-BF5A-71E2CF107E04}.Debug|Any CPU.Build.0 = Debug|Any CPU
		{F059D6F6-DB20-44CB-BF5A-71E2CF107E04}.Debug|x64.ActiveCfg = Debug|Any CPU
		{F059D6F6-DB20-44CB-BF5A-71E2CF107E04}.Debug|x64.Build.0 = Debug|Any CPU
		{F059D6F6-DB20-44CB-BF5A-71E2CF107E04}.Debug|x86.ActiveCfg = Debug|Any CPU
		{F059D6F6-DB20-44CB-BF5A-71E2CF107E04}.Debug|x86.Build.0 = Debug|Any CPU
		{F059D6F6-DB20-44CB-BF5A-71E2CF107E04}.Release|Any CPU.ActiveCfg = Release|Any CPU
		{F059D6F6-DB20-44CB-BF5A-71E2CF107E04}.Release|Any CPU.Build.0 = Release|Any CPU
		{F059D6F6-DB20-44CB-BF5A-71E2CF107E04}.Release|x64.ActiveCfg = Release|Any CPU
		{F059D6F6-DB20-44CB-BF5A-71E2CF107E04}.Release|x64.Build.0 = Release|Any CPU
		{F059D6F6-DB20-44CB-BF5A-71E2CF107E04}.Release|x86.ActiveCfg = Release|Any CPU
		{F059D6F6-DB20-44CB-BF5A-71E2CF107E04}.Release|x86.Build.0 = Release|Any CPU
		{948FD5A2-6DD0-4017-BF46-8FBB9EB1E3AA}.Debug|Any CPU.ActiveCfg = Debug|Any CPU
		{948FD5A2-6DD0-4017-BF46-8FBB9EB1E3AA}.Debug|Any CPU.Build.0 = Debug|Any CPU
		{948FD5A2-6DD0-4017-BF46-8FBB9EB1E3AA}.Debug|x64.ActiveCfg = Debug|Any CPU
		{948FD5A2-6DD0-4017-BF46-8FBB9EB1E3AA}.Debug|x64.Build.0 = Debug|Any CPU
		{948FD5A2-6DD0-4017-BF46-8FBB9EB1E3AA}.Debug|x86.ActiveCfg = Debug|Any CPU
		{948FD5A2-6DD0-4017-BF46-8FBB9EB1E3AA}.Debug|x86.Build.0 = Debug|Any CPU
		{948FD5A2-6DD0-4017-BF46-8FBB9EB1E3AA}.Release|Any CPU.ActiveCfg = Release|Any CPU
		{948FD5A2-6DD0-4017-BF46-8FBB9EB1E3AA}.Release|Any CPU.Build.0 = Release|Any CPU
		{948FD5A2-6DD0-4017-BF46-8FBB9EB1E3AA}.Release|x64.ActiveCfg = Release|Any CPU
		{948FD5A2-6DD0-4017-BF46-8FBB9EB1E3AA}.Release|x64.Build.0 = Release|Any CPU
		{948FD5A2-6DD0-4017-BF46-8FBB9EB1E3AA}.Release|x86.ActiveCfg = Release|Any CPU
		{948FD5A2-6DD0-4017-BF46-8FBB9EB1E3AA}.Release|x86.Build.0 = Release|Any CPU
	EndGlobalSection
	GlobalSection(NestedProjects) = preSolution
		{F059D6F6-DB20-44CB-BF5A-71E2CF107E04} = {1DC0D798-40FC-4B0F-BDD0-2208C54A74CF}
		{948FD5A2-6DD0-4017-BF46-8FBB9EB1E3AA} = {1DC0D798-40FC-4B0F-BDD0-2208C54A74CF}
	EndGlobalSection
EndGlobal
